
Microsoft Visual Studio Solution File, Format Version 12.00
# Visual Studio Version 16
VisualStudioVersion = 16.0.29409.12
MinimumVisualStudioVersion = 10.0.40219.1
Project("{FAE04EC0-301F-11D3-BF4B-00C04F79EFBC}") = "Lab4", "Lab4\Lab4.csproj", "{B4CE16C9-9D70-46E5-A793-5A67408757F4}"
EndProject
Global
	GlobalSection(SolutionConfigurationPlatforms) = preSolution
		Debug|Any CPU = Debug|Any CPU
		Release|Any CPU = Release|Any CPU
	EndGlobalSection
	GlobalSection(ProjectConfigurationPlatforms) = postSolution
		{B4CE16C9-9D70-46E5-A793-5A67408757F4}.Debug|Any CPU.ActiveCfg = Debug|Any CPU
		{B4CE16C9-9D70-46E5-A793-5A67408757F4}.Debug|Any CPU.Build.0 = Debug|Any CPU
		{B4CE16C9-9D70-46E5-A793-5A67408757F4}.Release|Any CPU.ActiveCfg = Release|Any CPU
		{B4CE16C9-9D70-46E5-A793-5A67408757F4}.Release|Any CPU.Build.0 = Release|Any CPU
	EndGlobalSection
	GlobalSection(SolutionProperties) = preSolution
		HideSolutionNode = FALSE
	EndGlobalSection
	GlobalSection(ExtensibilityGlobals) = postSolution
		SolutionGuid = {ABB00E79-F923-4E3E-BD22-965D316D6946}
	EndGlobalSection
EndGlobal
